
Microsoft Visual Studio Solution File, Format Version 12.00
# Visual Studio Version 17
VisualStudioVersion = 17.11.35303.130
MinimumVisualStudioVersion = 10.0.40219.1
Project("{9A19103F-16F7-4668-BE54-9A1E7A4F7556}") = "1", "1\1.csproj", "{4AEDE647-897A-4756-9862-248C56826A29}"
EndProject
Project("{9A19103F-16F7-4668-BE54-9A1E7A4F7556}") = "App1", "App1\App1.csproj", "{22E7EB12-2E46-465A-A93B-F07CA2D4D269}"
EndProject
Project("{9A19103F-16F7-4668-BE54-9A1E7A4F7556}") = "lab2", "lab2\lab2.csproj", "{E45F7155-D2A2-4599-A264-6FCD8E7C5517}"
EndProject
Project("{9A19103F-16F7-4668-BE54-9A1E7A4F7556}") = "App2", "App2\App2.csproj", "{8C727099-9362-4D3E-8DAA-4AFC2B582BF6}"
EndProject
Global
	GlobalSection(SolutionConfigurationPlatforms) = preSolution
		Debug|Any CPU = Debug|Any CPU
		Release|Any CPU = Release|Any CPU
	EndGlobalSection
	GlobalSection(ProjectConfigurationPlatforms) = postSolution
		{4AEDE647-897A-4756-9862-248C56826A29}.Debug|Any CPU.ActiveCfg = Debug|Any CPU
		{4AEDE647-897A-4756-9862-248C56826A29}.Debug|Any CPU.Build.0 = Debug|Any CPU
		{4AEDE647-897A-4756-9862-248C56826A29}.Release|Any CPU.ActiveCfg = Release|Any CPU
		{4AEDE647-897A-4756-9862-248C56826A29}.Release|Any CPU.Build.0 = Release|Any CPU
		{22E7EB12-2E46-465A-A93B-F07CA2D4D269}.Debug|Any CPU.ActiveCfg = Debug|Any CPU
		{22E7EB12-2E46-465A-A93B-F07CA2D4D269}.Debug|Any CPU.Build.0 = Debug|Any CPU
		{22E7EB12-2E46-465A-A93B-F07CA2D4D269}.Release|Any CPU.ActiveCfg = Release|Any CPU
		{22E7EB12-2E46-465A-A93B-F07CA2D4D269}.Release|Any CPU.Build.0 = Release|Any CPU
		{E45F7155-D2A2-4599-A264-6FCD8E7C5517}.Debug|Any CPU.ActiveCfg = Debug|Any CPU
		{E45F7155-D2A2-4599-A264-6FCD8E7C5517}.Debug|Any CPU.Build.0 = Debug|Any CPU
		{E45F7155-D2A2-4599-A264-6FCD8E7C5517}.Release|Any CPU.ActiveCfg = Release|Any CPU
		{E45F7155-D2A2-4599-A264-6FCD8E7C5517}.Release|Any CPU.Build.0 = Release|Any CPU
		{8C727099-9362-4D3E-8DAA-4AFC2B582BF6}.Debug|Any CPU.ActiveCfg = Debug|Any CPU
		{8C727099-9362-4D3E-8DAA-4AFC2B582BF6}.Debug|Any CPU.Build.0 = Debug|Any CPU
		{8C727099-9362-4D3E-8DAA-4AFC2B582BF6}.Release|Any CPU.ActiveCfg = Release|Any CPU
		{8C727099-9362-4D3E-8DAA-4AFC2B582BF6}.Release|Any CPU.Build.0 = Release|Any CPU
	EndGlobalSection
	GlobalSection(SolutionProperties) = preSolution
		HideSolutionNode = FALSE
	EndGlobalSection
	GlobalSection(ExtensibilityGlobals) = postSolution
		SolutionGuid = {BD365A3A-699B-4FF1-997C-ED6FD69B85AB}
	EndGlobalSection
EndGlobal
